
Microsoft Visual Studio Solution File, Format Version 12.00
# Visual Studio 15
VisualStudioVersion = 15.0.28307.421
MinimumVisualStudioVersion = 10.0.40219.1
Project("{9A19103F-16F7-4668-BE54-9A1E7A4F7556}") = "PdfReader", "PdfReader\PdfReader.csproj", "{9F102807-3388-431D-AE5C-B6947F3DFEE3}"
EndProject
Project("{9A19103F-16F7-4668-BE54-9A1E7A4F7556}") = "UnitTesting", "UnitTesting\UnitTesting.csproj", "{4962DFD6-C974-4F8D-914D-6090D34DD9BA}"
EndProject
Project("{9A19103F-16F7-4668-BE54-9A1E7A4F7556}") = "ExampleUsage", "ExampleUsage\ExampleUsage.csproj", "{B121C8C6-E274-4435-B672-CDEF516AB27E}"
EndProject
Global
	GlobalSection(SolutionConfigurationPlatforms) = preSolution
		Debug|Any CPU = Debug|Any CPU
		Release|Any CPU = Release|Any CPU
	EndGlobalSection
	GlobalSection(ProjectConfigurationPlatforms) = postSolution
		{9F102807-3388-431D-AE5C-B6947F3DFEE3}.Debug|Any CPU.ActiveCfg = Debug|Any CPU
		{9F102807-3388-431D-AE5C-B6947F3DFEE3}.Debug|Any CPU.Build.0 = Debug|Any CPU
		{9F102807-3388-431D-AE5C-B6947F3DFEE3}.Release|Any CPU.ActiveCfg = Release|Any CPU
		{9F102807-3388-431D-AE5C-B6947F3DFEE3}.Release|Any CPU.Build.0 = Release|Any CPU
		{4962DFD6-C974-4F8D-914D-6090D34DD9BA}.Debug|Any CPU.ActiveCfg = Debug|Any CPU
		{4962DFD6-C974-4F8D-914D-6090D34DD9BA}.Debug|Any CPU.Build.0 = Debug|Any CPU
		{4962DFD6-C974-4F8D-914D-6090D34DD9BA}.Release|Any CPU.ActiveCfg = Release|Any CPU
		{4962DFD6-C974-4F8D-914D-6090D34DD9BA}.Release|Any CPU.Build.0 = Release|Any CPU
		{B121C8C6-E274-4435-B672-CDEF516AB27E}.Debug|Any CPU.ActiveCfg = Debug|Any CPU
		{B121C8C6-E274-4435-B672-CDEF516AB27E}.Debug|Any CPU.Build.0 = Debug|Any CPU
		{B121C8C6-E274-4435-B672-CDEF516AB27E}.Release|Any CPU.ActiveCfg = Release|Any CPU
		{B121C8C6-E274-4435-B672-CDEF516AB27E}.Release|Any CPU.Build.0 = Release|Any CPU
	EndGlobalSection
	GlobalSection(SolutionProperties) = preSolution
		HideSolutionNode = FALSE
	EndGlobalSection
	GlobalSection(ExtensibilityGlobals) = postSolution
		SolutionGuid = {F80B9DD0-B7CB-467A-B4AC-0EA4D2F1B7A4}
	EndGlobalSection
EndGlobal
